// !$*UTF8*$!
{
	archiveVersion = 1;
	classes = {
	};
	objectVersion = 50;
	objects = {

/* Begin PBXBuildFile section */
		173377F523E0D36800992174 /* ItemRow.swift in Sources */ = {isa = PBXBuildFile; fileRef = 173377F423E0D36800992174 /* ItemRow.swift */; };
		173377F723E0DE2400992174 /* ItemDetail.swift in Sources */ = {isa = PBXBuildFile; fileRef = 173377F623E0DE2400992174 /* ItemDetail.swift */; };
		173377F923E0DFBB00992174 /* AppView.swift in Sources */ = {isa = PBXBuildFile; fileRef = 173377F823E0DFBB00992174 /* AppView.swift */; };
		173377FB23E0E02900992174 /* QuizView.swift in Sources */ = {isa = PBXBuildFile; fileRef = 173377FA23E0E02900992174 /* QuizView.swift */; };
		173B09C123E0C97900F0BFFB /* AppDelegate.swift in Sources */ = {isa = PBXBuildFile; fileRef = 173B09C023E0C97900F0BFFB /* AppDelegate.swift */; };
		173B09C323E0C97900F0BFFB /* SceneDelegate.swift in Sources */ = {isa = PBXBuildFile; fileRef = 173B09C223E0C97900F0BFFB /* SceneDelegate.swift */; };
		173B09C523E0C97900F0BFFB /* ContentView.swift in Sources */ = {isa = PBXBuildFile; fileRef = 173B09C423E0C97900F0BFFB /* ContentView.swift */; };
		173B09C723E0C97B00F0BFFB /* Assets.xcassets in Resources */ = {isa = PBXBuildFile; fileRef = 173B09C623E0C97B00F0BFFB /* Assets.xcassets */; };
		173B09CA23E0C97B00F0BFFB /* Preview Assets.xcassets in Resources */ = {isa = PBXBuildFile; fileRef = 173B09C923E0C97B00F0BFFB /* Preview Assets.xcassets */; };
		173B09CD23E0C97B00F0BFFB /* LaunchScreen.storyboard in Resources */ = {isa = PBXBuildFile; fileRef = 173B09CB23E0C97B00F0BFFB /* LaunchScreen.storyboard */; };
		173B09D523E0CA4600F0BFFB /* Helper.swift in Sources */ = {isa = PBXBuildFile; fileRef = 173B09D423E0CA4600F0BFFB /* Helper.swift */; };
		173B09D723E0CC0000F0BFFB /* tea.json in Resources */ = {isa = PBXBuildFile; fileRef = 173B09D623E0CC0000F0BFFB /* tea.json */; };
		173B09D923E0CF7200F0BFFB /* Tea.swift in Sources */ = {isa = PBXBuildFile; fileRef = 173B09D823E0CF7200F0BFFB /* Tea.swift */; };
/* End PBXBuildFile section */

/* Begin PBXFileReference section */
		173377F423E0D36800992174 /* ItemRow.swift */ = {isa = PBXFileReference; lastKnownFileType = sourcecode.swift; path = ItemRow.swift; sourceTree = "<group>"; };
		173377F623E0DE2400992174 /* ItemDetail.swift */ = {isa = PBXFileReference; lastKnownFileType = sourcecode.swift; path = ItemDetail.swift; sourceTree = "<group>"; };
		173377F823E0DFBB00992174 /* AppView.swift */ = {isa = PBXFileReference; lastKnownFileType = sourcecode.swift; path = AppView.swift; sourceTree = "<group>"; };
		173377FA23E0E02900992174 /* QuizView.swift */ = {isa = PBXFileReference; lastKnownFileType = sourcecode.swift; path = QuizView.swift; sourceTree = "<group>"; };
		173B09BD23E0C97900F0BFFB /* TeaGuide.app */ = {isa = PBXFileReference; explicitFileType = wrapper.application; includeInIndex = 0; path = TeaGuide.app; sourceTree = BUILT_PRODUCTS_DIR; };
		173B09C023E0C97900F0BFFB /* AppDelegate.swift */ = {isa = PBXFileReference; lastKnownFileType = sourcecode.swift; path = AppDelegate.swift; sourceTree = "<group>"; };
		173B09C223E0C97900F0BFFB /* SceneDelegate.swift */ = {isa = PBXFileReference; lastKnownFileType = sourcecode.swift; path = SceneDelegate.swift; sourceTree = "<group>"; };
		173B09C423E0C97900F0BFFB /* ContentView.swift */ = {isa = PBXFileReference; lastKnownFileType = sourcecode.swift; path = ContentView.swift; sourceTree = "<group>"; };
		173B09C623E0C97B00F0BFFB /* Assets.xcassets */ = {isa = PBXFileReference; lastKnownFileType = folder.assetcatalog; path = Assets.xcassets; sourceTree = "<group>"; };
		173B09C923E0C97B00F0BFFB /* Preview Assets.xcassets */ = {isa = PBXFileReference; lastKnownFileType = folder.assetcatalog; path = "Preview Assets.xcassets"; sourceTree = "<group>"; };
		173B09CC23E0C97B00F0BFFB /* Base */ = {isa = PBXFileReference; lastKnownFileType = file.storyboard; name = Base; path = Base.lproj/LaunchScreen.storyboard; sourceTree = "<group>"; };
		173B09CE23E0C97B00F0BFFB /* Info.plist */ = {isa = PBXFileReference; lastKnownFileType = text.plist.xml; path = Info.plist; sourceTree = "<group>"; };
		173B09D423E0CA4600F0BFFB /* Helper.swift */ = {isa = PBXFileReference; fileEncoding = 4; lastKnownFileType = sourcecode.swift; path = Helper.swift; sourceTree = "<group>"; };
		173B09D623E0CC0000F0BFFB /* tea.json */ = {isa = PBXFileReference; fileEncoding = 4; lastKnownFileType = text.json; path = tea.json; sourceTree = "<group>"; };
		173B09D823E0CF7200F0BFFB /* Tea.swift */ = {isa = PBXFileReference; fileEncoding = 4; lastKnownFileType = sourcecode.swift; path = Tea.swift; sourceTree = "<group>"; };
/* End PBXFileReference section */

/* Begin PBXFrameworksBuildPhase section */
		173B09BA23E0C97900F0BFFB /* Frameworks */ = {
			isa = PBXFrameworksBuildPhase;
			buildActionMask = 2147483647;
			files = (
			);
			runOnlyForDeploymentPostprocessing = 0;
		};
/* End PBXFrameworksBuildPhase section */

/* Begin PBXGroup section */
		173B09B423E0C97900F0BFFB = {
			isa = PBXGroup;
			children = (
				173B09BF23E0C97900F0BFFB /* TeaGuide */,
				173B09BE23E0C97900F0BFFB /* Products */,
			);
			sourceTree = "<group>";
		};
		173B09BE23E0C97900F0BFFB /* Products */ = {
			isa = PBXGroup;
			children = (
				173B09BD23E0C97900F0BFFB /* TeaGuide.app */,
			);
			name = Products;
			sourceTree = "<group>";
		};
		173B09BF23E0C97900F0BFFB /* TeaGuide */ = {
			isa = PBXGroup;
			children = (
				173B09C023E0C97900F0BFFB /* AppDelegate.swift */,
				173B09C223E0C97900F0BFFB /* SceneDelegate.swift */,
				173B09C423E0C97900F0BFFB /* ContentView.swift */,
				173B09D823E0CF7200F0BFFB /* Tea.swift */,
				173377F423E0D36800992174 /* ItemRow.swift */,
				173377F623E0DE2400992174 /* ItemDetail.swift */,
				173377F823E0DFBB00992174 /* AppView.swift */,
				173377FA23E0E02900992174 /* QuizView.swift */,
				173B09D423E0CA4600F0BFFB /* Helper.swift */,
				173B09C623E0C97B00F0BFFB /* Assets.xcassets */,
				173B09CB23E0C97B00F0BFFB /* LaunchScreen.storyboard */,
				173B09D623E0CC0000F0BFFB /* tea.json */,
				173B09CE23E0C97B00F0BFFB /* Info.plist */,
				173B09C823E0C97B00F0BFFB /* Preview Content */,
			);
			path = TeaGuide;
			sourceTree = "<group>";
		};
		173B09C823E0C97B00F0BFFB /* Preview Content */ = {
			isa = PBXGroup;
			children = (
				173B09C923E0C97B00F0BFFB /* Preview Assets.xcassets */,
			);
			path = "Preview Content";
			sourceTree = "<group>";
		};
/* End PBXGroup section */

/* Begin PBXNativeTarget section */
		173B09BC23E0C97900F0BFFB /* TeaGuide */ = {
			isa = PBXNativeTarget;
			buildConfigurationList = 173B09D123E0C97B00F0BFFB /* Build configuration list for PBXNativeTarget "TeaGuide" */;
			buildPhases = (
				173B09B923E0C97900F0BFFB /* Sources */,
				173B09BA23E0C97900F0BFFB /* Frameworks */,
				173B09BB23E0C97900F0BFFB /* Resources */,
			);
			buildRules = (
			);
			dependencies = (
			);
			name = TeaGuide;
			productName = TeaGuide;
			productReference = 173B09BD23E0C97900F0BFFB /* TeaGuide.app */;
			productType = "com.apple.product-type.application";
		};
/* End PBXNativeTarget section */

/* Begin PBXProject section */
		173B09B523E0C97900F0BFFB /* Project object */ = {
			isa = PBXProject;
			attributes = {
				LastSwiftUpdateCheck = 1130;
				LastUpgradeCheck = 1130;
				ORGANIZATIONNAME = "Jordan Wall";
				TargetAttributes = {
					173B09BC23E0C97900F0BFFB = {
						CreatedOnToolsVersion = 11.3.1;
					};
				};
			};
			buildConfigurationList = 173B09B823E0C97900F0BFFB /* Build configuration list for PBXProject "TeaGuide" */;
			compatibilityVersion = "Xcode 9.3";
			developmentRegion = en;
			hasScannedForEncodings = 0;
			knownRegions = (
				en,
				Base,
			);
			mainGroup = 173B09B423E0C97900F0BFFB;
			productRefGroup = 173B09BE23E0C97900F0BFFB /* Products */;
			projectDirPath = "";
			projectRoot = "";
			targets = (
				173B09BC23E0C97900F0BFFB /* TeaGuide */,
			);
		};
/* End PBXProject section */

/* Begin PBXResourcesBuildPhase section */
		173B09BB23E0C97900F0BFFB /* Resources */ = {
			isa = PBXResourcesBuildPhase;
			buildActionMask = 2147483647;
			files = (
				173B09CD23E0C97B00F0BFFB /* LaunchScreen.storyboard in Resources */,
				173B09CA23E0C97B00F0BFFB /* Preview Assets.xcassets in Resources */,
				173B09D723E0CC0000F0BFFB /* tea.json in Resources */,
				173B09C723E0C97B00F0BFFB /* Assets.xcassets in Resources */,
			);
			runOnlyForDeploymentPostprocessing = 0;
		};
/* End PBXResourcesBuildPhase section */

/* Begin PBXSourcesBuildPhase section */
		173B09B923E0C97900F0BFFB /* Sources */ = {
			isa = PBXSourcesBuildPhase;
			buildActionMask = 2147483647;
			files = (
				173377F723E0DE2400992174 /* ItemDetail.swift in Sources */,
				173B09C123E0C97900F0BFFB /* AppDelegate.swift in Sources */,
				173377FB23E0E02900992174 /* QuizView.swift in Sources */,
				173B09C323E0C97900F0BFFB /* SceneDelegate.swift in Sources */,
				173B09C523E0C97900F0BFFB /* ContentView.swift in Sources */,
				173377F923E0DFBB00992174 /* AppView.swift in Sources */,
				173377F523E0D36800992174 /* ItemRow.swift in Sources */,
				173B09D523E0CA4600F0BFFB /* Helper.swift in Sources */,
				173B09D923E0CF7200F0BFFB /* Tea.swift in Sources */,
			);
			runOnlyForDeploymentPostprocessing = 0;
		};
/* End PBXSourcesBuildPhase section */

/* Begin PBXVariantGroup section */
		173B09CB23E0C97B00F0BFFB /* LaunchScreen.storyboard */ = {
			isa = PBXVariantGroup;
			children = (
				173B09CC23E0C97B00F0BFFB /* Base */,
			);
			name = LaunchScreen.storyboard;
			sourceTree = "<group>";
		};
/* End PBXVariantGroup section */

/* Begin XCBuildConfiguration section */
		173B09CF23E0C97B00F0BFFB /* Debug */ = {
			isa = XCBuildConfiguration;
			buildSettings = {
				ALWAYS_SEARCH_USER_PATHS = NO;
				CLANG_ANALYZER_NONNULL = YES;
				CLANG_ANALYZER_NUMBER_OBJECT_CONVERSION = YES_AGGRESSIVE;
				CLANG_CXX_LANGUAGE_STANDARD = "gnu++14";
				CLANG_CXX_LIBRARY = "libc++";
				CLANG_ENABLE_MODULES = YES;
				CLANG_ENABLE_OBJC_ARC = YES;
				CLANG_ENABLE_OBJC_WEAK = YES;
				CLANG_WARN_BLOCK_CAPTURE_AUTORELEASING = YES;
				CLANG_WARN_BOOL_CONVERSION = YES;
				CLANG_WARN_COMMA = YES;
				CLANG_WARN_CONSTANT_CONVERSION = YES;
				CLANG_WARN_DEPRECATED_OBJC_IMPLEMENTATIONS = YES;
				CLANG_WARN_DIRECT_OBJC_ISA_USAGE = YES_ERROR;
				CLANG_WARN_DOCUMENTATION_COMMENTS = YES;
				CLANG_WARN_EMPTY_BODY = YES;
				CLANG_WARN_ENUM_CONVERSION = YES;
				CLANG_WARN_INFINITE_RECURSION = YES;
				CLANG_WARN_INT_CONVERSION = YES;
				CLANG_WARN_NON_LITERAL_NULL_CONVERSION = YES;
				CLANG_WARN_OBJC_IMPLICIT_RETAIN_SELF = YES;
				CLANG_WARN_OBJC_LITERAL_CONVERSION = YES;
				CLANG_WARN_OBJC_ROOT_CLASS = YES_ERROR;
				CLANG_WARN_RANGE_LOOP_ANALYSIS = YES;
				CLANG_WARN_STRICT_PROTOTYPES = YES;
				CLANG_WARN_SUSPICIOUS_MOVE = YES;
				CLANG_WARN_UNGUARDED_AVAILABILITY = YES_AGGRESSIVE;
				CLANG_WARN_UNREACHABLE_CODE = YES;
				CLANG_WARN__DUPLICATE_METHOD_MATCH = YES;
				COPY_PHASE_STRIP = NO;
				DEBUG_INFORMATION_FORMAT = dwarf;
				ENABLE_STRICT_OBJC_MSGSEND = YES;
				ENABLE_TESTABILITY = YES;
				GCC_C_LANGUAGE_STANDARD = gnu11;
				GCC_DYNAMIC_NO_PIC = NO;
				GCC_NO_COMMON_BLOCKS = YES;
				GCC_OPTIMIZATION_LEVEL = 0;
				GCC_PREPROCESSOR_DEFINITIONS = (
					"DEBUG=1",
					"$(inherited)",
				);
				GCC_WARN_64_TO_32_BIT_CONVERSION = YES;
				GCC_WARN_ABOUT_RETURN_TYPE = YES_ERROR;
				GCC_WARN_UNDECLARED_SELECTOR = YES;
				GCC_WARN_UNINITIALIZED_AUTOS = YES_AGGRESSIVE;
				GCC_WARN_UNUSED_FUNCTION = YES;
				GCC_WARN_UNUSED_VARIABLE = YES;
				IPHONEOS_DEPLOYMENT_TARGET = 13.2;
				MTL_ENABLE_DEBUG_INFO = INCLUDE_SOURCE;
				MTL_FAST_MATH = YES;
				ONLY_ACTIVE_ARCH = YES;
				SDKROOT = iphoneos;
				SWIFT_ACTIVE_COMPILATION_CONDITIONS = DEBUG;
				SWIFT_OPTIMIZATION_LEVEL = "-Onone";
			};
			name = Debug;
		};
		173B09D023E0C97B00F0BFFB /* Release */ = {
			isa = XCBuildConfiguration;
			buildSettings = {
				ALWAYS_SEARCH_USER_PATHS = NO;
				CLANG_ANALYZER_NONNULL = YES;
				CLANG_ANALYZER_NUMBER_OBJECT_CONVERSION = YES_AGGRESSIVE;
				CLANG_CXX_LANGUAGE_STANDARD = "gnu++14";
				CLANG_CXX_LIBRARY = "libc++";
				CLANG_ENABLE_MODULES = YES;
				CLANG_ENABLE_OBJC_ARC = YES;
				CLANG_ENABLE_OBJC_WEAK = YES;
				CLANG_WARN_BLOCK_CAPTURE_AUTORELEASING = YES;
				CLANG_WARN_BOOL_CONVERSION = YES;
				CLANG_WARN_COMMA = YES;
				CLANG_WARN_CONSTANT_CONVERSION = YES;
				CLANG_WARN_DEPRECATED_OBJC_IMPLEMENTATIONS = YES;
				CLANG_WARN_DIRECT_OBJC_ISA_USAGE = YES_ERROR;
				CLANG_WARN_DOCUMENTATION_COMMENTS = YES;
				CLANG_WARN_EMPTY_BODY = YES;
				CLANG_WARN_ENUM_CONVERSION = YES;
				CLANG_WARN_INFINITE_RECURSION = YES;
				CLANG_WARN_INT_CONVERSION = YES;
				CLANG_WARN_NON_LITERAL_NULL_CONVERSION = YES;
				CLANG_WARN_OBJC_IMPLICIT_RETAIN_SELF = YES;
				CLANG_WARN_OBJC_LITERAL_CONVERSION = YES;
				CLANG_WARN_OBJC_ROOT_CLASS = YES_ERROR;
				CLANG_WARN_RANGE_LOOP_ANALYSIS = YES;
				CLANG_WARN_STRICT_PROTOTYPES = YES;
				CLANG_WARN_SUSPICIOUS_MOVE = YES;
				CLANG_WARN_UNGUARDED_AVAILABILITY = YES_AGGRESSIVE;
				CLANG_WARN_UNREACHABLE_CODE = YES;
				CLANG_WARN__DUPLICATE_METHOD_MATCH = YES;
				COPY_PHASE_STRIP = NO;
				DEBUG_INFORMATION_FORMAT = "dwarf-with-dsym";
				ENABLE_NS_ASSERTIONS = NO;
				ENABLE_STRICT_OBJC_MSGSEND = YES;
				GCC_C_LANGUAGE_STANDARD = gnu11;
				GCC_NO_COMMON_BLOCKS = YES;
				GCC_WARN_64_TO_32_BIT_CONVERSION = YES;
				GCC_WARN_ABOUT_RETURN_TYPE = YES_ERROR;
				GCC_WARN_UNDECLARED_SELECTOR = YES;
				GCC_WARN_UNINITIALIZED_AUTOS = YES_AGGRESSIVE;
				GCC_WARN_UNUSED_FUNCTION = YES;
				GCC_WARN_UNUSED_VARIABLE = YES;
				IPHONEOS_DEPLOYMENT_TARGET = 13.2;
				MTL_ENABLE_DEBUG_INFO = NO;
				MTL_FAST_MATH = YES;
				SDKROOT = iphoneos;
				SWIFT_COMPILATION_MODE = wholemodule;
				SWIFT_OPTIMIZATION_LEVEL = "-O";
				VALIDATE_PRODUCT = YES;
			};
			name = Release;
		};
		173B09D223E0C97B00F0BFFB /* Debug */ = {
			isa = XCBuildConfiguration;
			buildSettings = {
				ASSETCATALOG_COMPILER_APPICON_NAME = AppIcon;
				CODE_SIGN_STYLE = Automatic;
				DEVELOPMENT_ASSET_PATHS = "\"TeaGuide/Preview Content\"";
				ENABLE_PREVIEWS = YES;
				INFOPLIST_FILE = TeaGuide/Info.plist;
				LD_RUNPATH_SEARCH_PATHS = (
					"$(inherited)",
					"@executable_path/Frameworks",
				);
				PRODUCT_BUNDLE_IDENTIFIER = com.jordanwall.TeaGuide;
				PRODUCT_NAME = "$(TARGET_NAME)";
				SWIFT_VERSION = 5.0;
				TARGETED_DEVICE_FAMILY = "1,2";
			};
			name = Debug;
		};
		173B09D323E0C97B00F0BFFB /* Release */ = {
			isa = XCBuildConfiguration;
			buildSettings = {
				ASSETCATALOG_COMPILER_APPICON_NAME = AppIcon;
				CODE_SIGN_STYLE = Automatic;
				DEVELOPMENT_ASSET_PATHS = "\"TeaGuide/Preview Content\"";
				ENABLE_PREVIEWS = YES;
				INFOPLIST_FILE = TeaGuide/Info.plist;
				LD_RUNPATH_SEARCH_PATHS = (
					"$(inherited)",
					"@executable_path/Frameworks",
				);
				PRODUCT_BUNDLE_IDENTIFIER = com.jordanwall.TeaGuide;
				PRODUCT_NAME = "$(TARGET_NAME)";
				SWIFT_VERSION = 5.0;
				TARGETED_DEVICE_FAMILY = "1,2";
			};
			name = Release;
		};
/* End XCBuildConfiguration section */

/* Begin XCConfigurationList section */
		173B09B823E0C97900F0BFFB /* Build configuration list for PBXProject "TeaGuide" */ = {
			isa = XCConfigurationList;
			buildConfigurations = (
				173B09CF23E0C97B00F0BFFB /* Debug */,
				173B09D023E0C97B00F0BFFB /* Release */,
			);
			defaultConfigurationIsVisible = 0;
			defaultConfigurationName = Release;
		};
		173B09D123E0C97B00F0BFFB /* Build configuration list for PBXNativeTarget "TeaGuide" */ = {
			isa = XCConfigurationList;
			buildConfigurations = (
				173B09D223E0C97B00F0BFFB /* Debug */,
				173B09D323E0C97B00F0BFFB /* Release */,
			);
			defaultConfigurationIsVisible = 0;
			defaultConfigurationName = Release;
		};
/* End XCConfigurationList section */
	};
	rootObject = 173B09B523E0C97900F0BFFB /* Project object */;
}
